
Microsoft Visual Studio Solution File, Format Version 12.00
# Visual Studio Version 17
VisualStudioVersion = 17.13.35931.197
MinimumVisualStudioVersion = 10.0.40219.1
Project("{FAE04EC0-301F-11D3-BF4B-00C04F79EFBC}") = "DotNet.Web", "DotNet.Web\DotNet.Web.csproj", "{8FC8DD78-676C-4ECC-B12B-F0651E7A618F}"
EndProject
Project("{FAE04EC0-301F-11D3-BF4B-00C04F79EFBC}") = "DotNet.Entities", "DotNet.Entities\DotNet.Entities.csproj", "{E26634E5-AD4F-4014-A3E0-B51B4633E7CD}"
EndProject
Project("{FAE04EC0-301F-11D3-BF4B-00C04F79EFBC}") = "DotNet.Repositories", "DotNet.Repositories\DotNet.Repositories.csproj", "{BC89364C-BFD0-45A4-95C4-3C1BD74E81E4}"
EndProject
Project("{FAE04EC0-301F-11D3-BF4B-00C04F79EFBC}") = "DotNet.UI", "DotNet.UI\DotNet.UI.csproj", "{275365D5-4229-4C54-9D85-EDC34B7E22EA}"
EndProject
Project("{FAE04EC0-301F-11D3-BF4B-00C04F79EFBC}") = "ConcertBooking.Entities", "ConcertBooking.Entities\ConcertBooking.Entities.csproj", "{9A66E3B7-61B9-4EE5-93BD-CD4C59DE932D}"
EndProject
Project("{FAE04EC0-301F-11D3-BF4B-00C04F79EFBC}") = "ConcertBooking.Repositories", "ConcertBooking.Repositories\ConcertBooking.Repositories.csproj", "{5085A5A4-3B53-4796-A4F5-EA5B2125083D}"
EndProject
Project("{FAE04EC0-301F-11D3-BF4B-00C04F79EFBC}") = "ConcertBooking.WebHost", "ConcertBooking.WebHost\ConcertBooking.WebHost.csproj", "{8B3FF4EE-9BE8-4412-A0DC-39A31B55A34C}"
EndProject
Global
	GlobalSection(SolutionConfigurationPlatforms) = preSolution
		Debug|Any CPU = Debug|Any CPU
		Release|Any CPU = Release|Any CPU
	EndGlobalSection
	GlobalSection(ProjectConfigurationPlatforms) = postSolution
		{8FC8DD78-676C-4ECC-B12B-F0651E7A618F}.Debug|Any CPU.ActiveCfg = Debug|Any CPU
		{8FC8DD78-676C-4ECC-B12B-F0651E7A618F}.Debug|Any CPU.Build.0 = Debug|Any CPU
		{8FC8DD78-676C-4ECC-B12B-F0651E7A618F}.Release|Any CPU.ActiveCfg = Release|Any CPU
		{8FC8DD78-676C-4ECC-B12B-F0651E7A618F}.Release|Any CPU.Build.0 = Release|Any CPU
		{E26634E5-AD4F-4014-A3E0-B51B4633E7CD}.Debug|Any CPU.ActiveCfg = Debug|Any CPU
		{E26634E5-AD4F-4014-A3E0-B51B4633E7CD}.Debug|Any CPU.Build.0 = Debug|Any CPU
		{E26634E5-AD4F-4014-A3E0-B51B4633E7CD}.Release|Any CPU.ActiveCfg = Release|Any CPU
		{E26634E5-AD4F-4014-A3E0-B51B4633E7CD}.Release|Any CPU.Build.0 = Release|Any CPU
		{BC89364C-BFD0-45A4-95C4-3C1BD74E81E4}.Debug|Any CPU.ActiveCfg = Debug|Any CPU
		{BC89364C-BFD0-45A4-95C4-3C1BD74E81E4}.Debug|Any CPU.Build.0 = Debug|Any CPU
		{BC89364C-BFD0-45A4-95C4-3C1BD74E81E4}.Release|Any CPU.ActiveCfg = Release|Any CPU
		{BC89364C-BFD0-45A4-95C4-3C1BD74E81E4}.Release|Any CPU.Build.0 = Release|Any CPU
		{275365D5-4229-4C54-9D85-EDC34B7E22EA}.Debug|Any CPU.ActiveCfg = Debug|Any CPU
		{275365D5-4229-4C54-9D85-EDC34B7E22EA}.Debug|Any CPU.Build.0 = Debug|Any CPU
		{275365D5-4229-4C54-9D85-EDC34B7E22EA}.Release|Any CPU.ActiveCfg = Release|Any CPU
		{275365D5-4229-4C54-9D85-EDC34B7E22EA}.Release|Any CPU.Build.0 = Release|Any CPU
		{9A66E3B7-61B9-4EE5-93BD-CD4C59DE932D}.Debug|Any CPU.ActiveCfg = Debug|Any CPU
		{9A66E3B7-61B9-4EE5-93BD-CD4C59DE932D}.Debug|Any CPU.Build.0 = Debug|Any CPU
		{9A66E3B7-61B9-4EE5-93BD-CD4C59DE932D}.Release|Any CPU.ActiveCfg = Release|Any CPU
		{9A66E3B7-61B9-4EE5-93BD-CD4C59DE932D}.Release|Any CPU.Build.0 = Release|Any CPU
		{5085A5A4-3B53-4796-A4F5-EA5B2125083D}.Debug|Any CPU.ActiveCfg = Debug|Any CPU
		{5085A5A4-3B53-4796-A4F5-EA5B2125083D}.Debug|Any CPU.Build.0 = Debug|Any CPU
		{5085A5A4-3B53-4796-A4F5-EA5B2125083D}.Release|Any CPU.ActiveCfg = Release|Any CPU
		{5085A5A4-3B53-4796-A4F5-EA5B2125083D}.Release|Any CPU.Build.0 = Release|Any CPU
		{8B3FF4EE-9BE8-4412-A0DC-39A31B55A34C}.Debug|Any CPU.ActiveCfg = Debug|Any CPU
		{8B3FF4EE-9BE8-4412-A0DC-39A31B55A34C}.Debug|Any CPU.Build.0 = Debug|Any CPU
		{8B3FF4EE-9BE8-4412-A0DC-39A31B55A34C}.Release|Any CPU.ActiveCfg = Release|Any CPU
		{8B3FF4EE-9BE8-4412-A0DC-39A31B55A34C}.Release|Any CPU.Build.0 = Release|Any CPU
	EndGlobalSection
	GlobalSection(SolutionProperties) = preSolution
		HideSolutionNode = FALSE
	EndGlobalSection
	GlobalSection(ExtensibilityGlobals) = postSolution
		SolutionGuid = {BB590431-2D84-4DC9-97CF-927B2937D767}
	EndGlobalSection
EndGlobal
